// !$*UTF8*$!
{
	archiveVersion = 1;
	classes = {
	};
	objectVersion = 48;
	objects = {

/* Begin PBXBuildFile section */
		5471139C20228065001100D6 /* AppDelegate.swift in Sources */ = {isa = PBXBuildFile; fileRef = 5471139B20228065001100D6 /* AppDelegate.swift */; };
		547113A120228065001100D6 /* Main.storyboard in Resources */ = {isa = PBXBuildFile; fileRef = 5471139F20228065001100D6 /* Main.storyboard */; };
		547113A320228065001100D6 /* Assets.xcassets in Resources */ = {isa = PBXBuildFile; fileRef = 547113A220228065001100D6 /* Assets.xcassets */; };
		547113A620228065001100D6 /* LaunchScreen.storyboard in Resources */ = {isa = PBXBuildFile; fileRef = 547113A420228065001100D6 /* LaunchScreen.storyboard */; };
		547113B120228065001100D6 /* flixPartOneTests.swift in Sources */ = {isa = PBXBuildFile; fileRef = 547113B020228065001100D6 /* flixPartOneTests.swift */; };
		547113BC20228065001100D6 /* flixPartOneUITests.swift in Sources */ = {isa = PBXBuildFile; fileRef = 547113BB20228065001100D6 /* flixPartOneUITests.swift */; };
		547113CA2022CCC4001100D6 /* NowPlayingViewController.swift in Sources */ = {isa = PBXBuildFile; fileRef = 547113C92022CCC4001100D6 /* NowPlayingViewController.swift */; };
/* End PBXBuildFile section */

/* Begin PBXContainerItemProxy section */
		547113AD20228065001100D6 /* PBXContainerItemProxy */ = {
			isa = PBXContainerItemProxy;
			containerPortal = 5471139020228065001100D6 /* Project object */;
			proxyType = 1;
			remoteGlobalIDString = 5471139720228065001100D6;
			remoteInfo = flixPartOne;
		};
		547113B820228065001100D6 /* PBXContainerItemProxy */ = {
			isa = PBXContainerItemProxy;
			containerPortal = 5471139020228065001100D6 /* Project object */;
			proxyType = 1;
			remoteGlobalIDString = 5471139720228065001100D6;
			remoteInfo = flixPartOne;
		};
/* End PBXContainerItemProxy section */

/* Begin PBXFileReference section */
		5471139820228065001100D6 /* flixPartOne.app */ = {isa = PBXFileReference; explicitFileType = wrapper.application; includeInIndex = 0; path = flixPartOne.app; sourceTree = BUILT_PRODUCTS_DIR; };
		5471139B20228065001100D6 /* AppDelegate.swift */ = {isa = PBXFileReference; lastKnownFileType = sourcecode.swift; path = AppDelegate.swift; sourceTree = "<group>"; };
		547113A020228065001100D6 /* Base */ = {isa = PBXFileReference; lastKnownFileType = file.storyboard; name = Base; path = Base.lproj/Main.storyboard; sourceTree = "<group>"; };
		547113A220228065001100D6 /* Assets.xcassets */ = {isa = PBXFileReference; lastKnownFileType = folder.assetcatalog; path = Assets.xcassets; sourceTree = "<group>"; };
		547113A520228065001100D6 /* Base */ = {isa = PBXFileReference; lastKnownFileType = file.storyboard; name = Base; path = Base.lproj/LaunchScreen.storyboard; sourceTree = "<group>"; };
		547113A720228065001100D6 /* Info.plist */ = {isa = PBXFileReference; lastKnownFileType = text.plist.xml; path = Info.plist; sourceTree = "<group>"; };
		547113AC20228065001100D6 /* flixPartOneTests.xctest */ = {isa = PBXFileReference; explicitFileType = wrapper.cfbundle; includeInIndex = 0; path = flixPartOneTests.xctest; sourceTree = BUILT_PRODUCTS_DIR; };
		547113B020228065001100D6 /* flixPartOneTests.swift */ = {isa = PBXFileReference; lastKnownFileType = sourcecode.swift; path = flixPartOneTests.swift; sourceTree = "<group>"; };
		547113B220228065001100D6 /* Info.plist */ = {isa = PBXFileReference; lastKnownFileType = text.plist.xml; path = Info.plist; sourceTree = "<group>"; };
		547113B720228065001100D6 /* flixPartOneUITests.xctest */ = {isa = PBXFileReference; explicitFileType = wrapper.cfbundle; includeInIndex = 0; path = flixPartOneUITests.xctest; sourceTree = BUILT_PRODUCTS_DIR; };
		547113BB20228065001100D6 /* flixPartOneUITests.swift */ = {isa = PBXFileReference; lastKnownFileType = sourcecode.swift; path = flixPartOneUITests.swift; sourceTree = "<group>"; };
		547113BD20228065001100D6 /* Info.plist */ = {isa = PBXFileReference; lastKnownFileType = text.plist.xml; path = Info.plist; sourceTree = "<group>"; };
		547113C92022CCC4001100D6 /* NowPlayingViewController.swift */ = {isa = PBXFileReference; lastKnownFileType = sourcecode.swift; path = NowPlayingViewController.swift; sourceTree = "<group>"; };
/* End PBXFileReference section */

/* Begin PBXFrameworksBuildPhase section */
		5471139520228065001100D6 /* Frameworks */ = {
			isa = PBXFrameworksBuildPhase;
			buildActionMask = 2147483647;
			files = (
			);
			runOnlyForDeploymentPostprocessing = 0;
		};
		547113A920228065001100D6 /* Frameworks */ = {
			isa = PBXFrameworksBuildPhase;
			buildActionMask = 2147483647;
			files = (
			);
			runOnlyForDeploymentPostprocessing = 0;
		};
		547113B420228065001100D6 /* Frameworks */ = {
			isa = PBXFrameworksBuildPhase;
			buildActionMask = 2147483647;
			files = (
			);
			runOnlyForDeploymentPostprocessing = 0;
		};
/* End PBXFrameworksBuildPhase section */

/* Begin PBXGroup section */
		5471138F20228065001100D6 = {
			isa = PBXGroup;
			children = (
				5471139A20228065001100D6 /* flixPartOne */,
				547113AF20228065001100D6 /* flixPartOneTests */,
				547113BA20228065001100D6 /* flixPartOneUITests */,
				5471139920228065001100D6 /* Products */,
			);
			sourceTree = "<group>";
		};
		5471139920228065001100D6 /* Products */ = {
			isa = PBXGroup;
			children = (
				5471139820228065001100D6 /* flixPartOne.app */,
				547113AC20228065001100D6 /* flixPartOneTests.xctest */,
				547113B720228065001100D6 /* flixPartOneUITests.xctest */,
			);
			name = Products;
			sourceTree = "<group>";
		};
		5471139A20228065001100D6 /* flixPartOne */ = {
			isa = PBXGroup;
			children = (
				547113C92022CCC4001100D6 /* NowPlayingViewController.swift */,
				5471139B20228065001100D6 /* AppDelegate.swift */,
				5471139F20228065001100D6 /* Main.storyboard */,
				547113A220228065001100D6 /* Assets.xcassets */,
				547113A420228065001100D6 /* LaunchScreen.storyboard */,
				547113A720228065001100D6 /* Info.plist */,
			);
			path = flixPartOne;
			sourceTree = "<group>";
		};
		547113AF20228065001100D6 /* flixPartOneTests */ = {
			isa = PBXGroup;
			children = (
				547113B020228065001100D6 /* flixPartOneTests.swift */,
				547113B220228065001100D6 /* Info.plist */,
			);
			path = flixPartOneTests;
			sourceTree = "<group>";
		};
		547113BA20228065001100D6 /* flixPartOneUITests */ = {
			isa = PBXGroup;
			children = (
				547113BB20228065001100D6 /* flixPartOneUITests.swift */,
				547113BD20228065001100D6 /* Info.plist */,
			);
			path = flixPartOneUITests;
			sourceTree = "<group>";
		};
/* End PBXGroup section */

/* Begin PBXNativeTarget section */
		5471139720228065001100D6 /* flixPartOne */ = {
			isa = PBXNativeTarget;
			buildConfigurationList = 547113C020228065001100D6 /* Build configuration list for PBXNativeTarget "flixPartOne" */;
			buildPhases = (
				5471139420228065001100D6 /* Sources */,
				5471139520228065001100D6 /* Frameworks */,
				5471139620228065001100D6 /* Resources */,
			);
			buildRules = (
			);
			dependencies = (
			);
			name = flixPartOne;
			productName = flixPartOne;
			productReference = 5471139820228065001100D6 /* flixPartOne.app */;
			productType = "com.apple.product-type.application";
		};
		547113AB20228065001100D6 /* flixPartOneTests */ = {
			isa = PBXNativeTarget;
			buildConfigurationList = 547113C320228065001100D6 /* Build configuration list for PBXNativeTarget "flixPartOneTests" */;
			buildPhases = (
				547113A820228065001100D6 /* Sources */,
				547113A920228065001100D6 /* Frameworks */,
				547113AA20228065001100D6 /* Resources */,
			);
			buildRules = (
			);
			dependencies = (
				547113AE20228065001100D6 /* PBXTargetDependency */,
			);
			name = flixPartOneTests;
			productName = flixPartOneTests;
			productReference = 547113AC20228065001100D6 /* flixPartOneTests.xctest */;
			productType = "com.apple.product-type.bundle.unit-test";
		};
		547113B620228065001100D6 /* flixPartOneUITests */ = {
			isa = PBXNativeTarget;
			buildConfigurationList = 547113C620228065001100D6 /* Build configuration list for PBXNativeTarget "flixPartOneUITests" */;
			buildPhases = (
				547113B320228065001100D6 /* Sources */,
				547113B420228065001100D6 /* Frameworks */,
				547113B520228065001100D6 /* Resources */,
			);
			buildRules = (
			);
			dependencies = (
				547113B920228065001100D6 /* PBXTargetDependency */,
			);
			name = flixPartOneUITests;
			productName = flixPartOneUITests;
			productReference = 547113B720228065001100D6 /* flixPartOneUITests.xctest */;
			productType = "com.apple.product-type.bundle.ui-testing";
		};
/* End PBXNativeTarget section */

/* Begin PBXProject section */
		5471139020228065001100D6 /* Project object */ = {
			isa = PBXProject;
			attributes = {
				LastSwiftUpdateCheck = 0920;
				LastUpgradeCheck = 0920;
				ORGANIZATIONNAME = "Diego Medina";
				TargetAttributes = {
					5471139720228065001100D6 = {
						CreatedOnToolsVersion = 9.2;
						ProvisioningStyle = Automatic;
					};
					547113AB20228065001100D6 = {
						CreatedOnToolsVersion = 9.2;
						ProvisioningStyle = Automatic;
						TestTargetID = 5471139720228065001100D6;
					};
					547113B620228065001100D6 = {
						CreatedOnToolsVersion = 9.2;
						ProvisioningStyle = Automatic;
						TestTargetID = 5471139720228065001100D6;
					};
				};
			};
			buildConfigurationList = 5471139320228065001100D6 /* Build configuration list for PBXProject "flixPartOne" */;
			compatibilityVersion = "Xcode 8.0";
			developmentRegion = en;
			hasScannedForEncodings = 0;
			knownRegions = (
				en,
				Base,
			);
			mainGroup = 5471138F20228065001100D6;
			productRefGroup = 5471139920228065001100D6 /* Products */;
			projectDirPath = "";
			projectRoot = "";
			targets = (
				5471139720228065001100D6 /* flixPartOne */,
				547113AB20228065001100D6 /* flixPartOneTests */,
				547113B620228065001100D6 /* flixPartOneUITests */,
			);
		};
/* End PBXProject section */

/* Begin PBXResourcesBuildPhase section */
		5471139620228065001100D6 /* Resources */ = {
			isa = PBXResourcesBuildPhase;
			buildActionMask = 2147483647;
			files = (
				547113A620228065001100D6 /* LaunchScreen.storyboard in Resources */,
				547113A320228065001100D6 /* Assets.xcassets in Resources */,
				547113A120228065001100D6 /* Main.storyboard in Resources */,
			);
			runOnlyForDeploymentPostprocessing = 0;
		};
		547113AA20228065001100D6 /* Resources */ = {
			isa = PBXResourcesBuildPhase;
			buildActionMask = 2147483647;
			files = (
			);
			runOnlyForDeploymentPostprocessing = 0;
		};
		547113B520228065001100D6 /* Resources */ = {
			isa = PBXResourcesBuildPhase;
			buildActionMask = 2147483647;
			files = (
			);
			runOnlyForDeploymentPostprocessing = 0;
		};
/* End PBXResourcesBuildPhase section */

/* Begin PBXSourcesBuildPhase section */
		5471139420228065001100D6 /* Sources */ = {
			isa = PBXSourcesBuildPhase;
			buildActionMask = 2147483647;
			files = (
				547113CA2022CCC4001100D6 /* NowPlayingViewController.swift in Sources */,
				5471139C20228065001100D6 /* AppDelegate.swift in Sources */,
			);
			runOnlyForDeploymentPostprocessing = 0;
		};
		547113A820228065001100D6 /* Sources */ = {
			isa = PBXSourcesBuildPhase;
			buildActionMask = 2147483647;
			files = (
				547113B120228065001100D6 /* flixPartOneTests.swift in Sources */,
			);
			runOnlyForDeploymentPostprocessing = 0;
		};
		547113B320228065001100D6 /* Sources */ = {
			isa = PBXSourcesBuildPhase;
			buildActionMask = 2147483647;
			files = (
				547113BC20228065001100D6 /* flixPartOneUITests.swift in Sources */,
			);
			runOnlyForDeploymentPostprocessing = 0;
		};
/* End PBXSourcesBuildPhase section */

/* Begin PBXTargetDependency section */
		547113AE20228065001100D6 /* PBXTargetDependency */ = {
			isa = PBXTargetDependency;
			target = 5471139720228065001100D6 /* flixPartOne */;
			targetProxy = 547113AD20228065001100D6 /* PBXContainerItemProxy */;
		};
		547113B920228065001100D6 /* PBXTargetDependency */ = {
			isa = PBXTargetDependency;
			target = 5471139720228065001100D6 /* flixPartOne */;
			targetProxy = 547113B820228065001100D6 /* PBXContainerItemProxy */;
		};
/* End PBXTargetDependency section */

/* Begin PBXVariantGroup section */
		5471139F20228065001100D6 /* Main.storyboard */ = {
			isa = PBXVariantGroup;
			children = (
				547113A020228065001100D6 /* Base */,
			);
			name = Main.storyboard;
			sourceTree = "<group>";
		};
		547113A420228065001100D6 /* LaunchScreen.storyboard */ = {
			isa = PBXVariantGroup;
			children = (
				547113A520228065001100D6 /* Base */,
			);
			name = LaunchScreen.storyboard;
			sourceTree = "<group>";
		};
/* End PBXVariantGroup section */

/* Begin XCBuildConfiguration section */
		547113BE20228065001100D6 /* Debug */ = {
			isa = XCBuildConfiguration;
			buildSettings = {
				ALWAYS_SEARCH_USER_PATHS = NO;
				CLANG_ANALYZER_NONNULL = YES;
				CLANG_ANALYZER_NUMBER_OBJECT_CONVERSION = YES_AGGRESSIVE;
				CLANG_CXX_LANGUAGE_STANDARD = "gnu++14";
				CLANG_CXX_LIBRARY = "libc++";
				CLANG_ENABLE_MODULES = YES;
				CLANG_ENABLE_OBJC_ARC = YES;
				CLANG_WARN_BLOCK_CAPTURE_AUTORELEASING = YES;
				CLANG_WARN_BOOL_CONVERSION = YES;
				CLANG_WARN_COMMA = YES;
				CLANG_WARN_CONSTANT_CONVERSION = YES;
				CLANG_WARN_DIRECT_OBJC_ISA_USAGE = YES_ERROR;
				CLANG_WARN_DOCUMENTATION_COMMENTS = YES;
				CLANG_WARN_EMPTY_BODY = YES;
				CLANG_WARN_ENUM_CONVERSION = YES;
				CLANG_WARN_INFINITE_RECURSION = YES;
				CLANG_WARN_INT_CONVERSION = YES;
				CLANG_WARN_NON_LITERAL_NULL_CONVERSION = YES;
				CLANG_WARN_OBJC_LITERAL_CONVERSION = YES;
				CLANG_WARN_OBJC_ROOT_CLASS = YES_ERROR;
				CLANG_WARN_RANGE_LOOP_ANALYSIS = YES;
				CLANG_WARN_STRICT_PROTOTYPES = YES;
				CLANG_WARN_SUSPICIOUS_MOVE = YES;
				CLANG_WARN_UNGUARDED_AVAILABILITY = YES_AGGRESSIVE;
				CLANG_WARN_UNREACHABLE_CODE = YES;
				CLANG_WARN__DUPLICATE_METHOD_MATCH = YES;
				CODE_SIGN_IDENTITY = "iPhone Developer";
				COPY_PHASE_STRIP = NO;
				DEBUG_INFORMATION_FORMAT = dwarf;
				ENABLE_STRICT_OBJC_MSGSEND = YES;
				ENABLE_TESTABILITY = YES;
				GCC_C_LANGUAGE_STANDARD = gnu11;
				GCC_DYNAMIC_NO_PIC = NO;
				GCC_NO_COMMON_BLOCKS = YES;
				GCC_OPTIMIZATION_LEVEL = 0;
				GCC_PREPROCESSOR_DEFINITIONS = (
					"DEBUG=1",
					"$(inherited)",
				);
				GCC_WARN_64_TO_32_BIT_CONVERSION = YES;
				GCC_WARN_ABOUT_RETURN_TYPE = YES_ERROR;
				GCC_WARN_UNDECLARED_SELECTOR = YES;
				GCC_WARN_UNINITIALIZED_AUTOS = YES_AGGRESSIVE;
				GCC_WARN_UNUSED_FUNCTION = YES;
				GCC_WARN_UNUSED_VARIABLE = YES;
				IPHONEOS_DEPLOYMENT_TARGET = 11.2;
				MTL_ENABLE_DEBUG_INFO = YES;
				ONLY_ACTIVE_ARCH = YES;
				SDKROOT = iphoneos;
				SWIFT_ACTIVE_COMPILATION_CONDITIONS = DEBUG;
				SWIFT_OPTIMIZATION_LEVEL = "-Onone";
			};
			name = Debug;
		};
		547113BF20228065001100D6 /* Release */ = {
			isa = XCBuildConfiguration;
			buildSettings = {
				ALWAYS_SEARCH_USER_PATHS = NO;
				CLANG_ANALYZER_NONNULL = YES;
				CLANG_ANALYZER_NUMBER_OBJECT_CONVERSION = YES_AGGRESSIVE;
				CLANG_CXX_LANGUAGE_STANDARD = "gnu++14";
				CLANG_CXX_LIBRARY = "libc++";
				CLANG_ENABLE_MODULES = YES;
				CLANG_ENABLE_OBJC_ARC = YES;
				CLANG_WARN_BLOCK_CAPTURE_AUTORELEASING = YES;
				CLANG_WARN_BOOL_CONVERSION = YES;
				CLANG_WARN_COMMA = YES;
				CLANG_WARN_CONSTANT_CONVERSION = YES;
				CLANG_WARN_DIRECT_OBJC_ISA_USAGE = YES_ERROR;
				CLANG_WARN_DOCUMENTATION_COMMENTS = YES;
				CLANG_WARN_EMPTY_BODY = YES;
				CLANG_WARN_ENUM_CONVERSION = YES;
				CLANG_WARN_INFINITE_RECURSION = YES;
				CLANG_WARN_INT_CONVERSION = YES;
				CLANG_WARN_NON_LITERAL_NULL_CONVERSION = YES;
				CLANG_WARN_OBJC_LITERAL_CONVERSION = YES;
				CLANG_WARN_OBJC_ROOT_CLASS = YES_ERROR;
				CLANG_WARN_RANGE_LOOP_ANALYSIS = YES;
				CLANG_WARN_STRICT_PROTOTYPES = YES;
				CLANG_WARN_SUSPICIOUS_MOVE = YES;
				CLANG_WARN_UNGUARDED_AVAILABILITY = YES_AGGRESSIVE;
				CLANG_WARN_UNREACHABLE_CODE = YES;
				CLANG_WARN__DUPLICATE_METHOD_MATCH = YES;
				CODE_SIGN_IDENTITY = "iPhone Developer";
				COPY_PHASE_STRIP = NO;
				DEBUG_INFORMATION_FORMAT = "dwarf-with-dsym";
				ENABLE_NS_ASSERTIONS = NO;
				ENABLE_STRICT_OBJC_MSGSEND = YES;
				GCC_C_LANGUAGE_STANDARD = gnu11;
				GCC_NO_COMMON_BLOCKS = YES;
				GCC_WARN_64_TO_32_BIT_CONVERSION = YES;
				GCC_WARN_ABOUT_RETURN_TYPE = YES_ERROR;
				GCC_WARN_UNDECLARED_SELECTOR = YES;
				GCC_WARN_UNINITIALIZED_AUTOS = YES_AGGRESSIVE;
				GCC_WARN_UNUSED_FUNCTION = YES;
				GCC_WARN_UNUSED_VARIABLE = YES;
				IPHONEOS_DEPLOYMENT_TARGET = 11.2;
				MTL_ENABLE_DEBUG_INFO = NO;
				SDKROOT = iphoneos;
				SWIFT_OPTIMIZATION_LEVEL = "-Owholemodule";
				VALIDATE_PRODUCT = YES;
			};
			name = Release;
		};
		547113C120228065001100D6 /* Debug */ = {
			isa = XCBuildConfiguration;
			buildSettings = {
				ASSETCATALOG_COMPILER_APPICON_NAME = AppIcon;
				CODE_SIGN_STYLE = Automatic;
				DEVELOPMENT_TEAM = 2KMUXZ44WH;
				INFOPLIST_FILE = flixPartOne/Info.plist;
				LD_RUNPATH_SEARCH_PATHS = "$(inherited) @executable_path/Frameworks";
				PRODUCT_BUNDLE_IDENTIFIER = edu.csumb.DiMedina.flixPartOne;
				PRODUCT_NAME = "$(TARGET_NAME)";
				SWIFT_VERSION = 4.0;
				TARGETED_DEVICE_FAMILY = "1,2";
			};
			name = Debug;
		};
		547113C220228065001100D6 /* Release */ = {
			isa = XCBuildConfiguration;
			buildSettings = {
				ASSETCATALOG_COMPILER_APPICON_NAME = AppIcon;
				CODE_SIGN_STYLE = Automatic;
				DEVELOPMENT_TEAM = 2KMUXZ44WH;
				INFOPLIST_FILE = flixPartOne/Info.plist;
				LD_RUNPATH_SEARCH_PATHS = "$(inherited) @executable_path/Frameworks";
				PRODUCT_BUNDLE_IDENTIFIER = edu.csumb.DiMedina.flixPartOne;
				PRODUCT_NAME = "$(TARGET_NAME)";
				SWIFT_VERSION = 4.0;
				TARGETED_DEVICE_FAMILY = "1,2";
			};
			name = Release;
		};
		547113C420228065001100D6 /* Debug */ = {
			isa = XCBuildConfiguration;
			buildSettings = {
				ALWAYS_EMBED_SWIFT_STANDARD_LIBRARIES = YES;
				BUNDLE_LOADER = "$(TEST_HOST)";
				CODE_SIGN_STYLE = Automatic;
				DEVELOPMENT_TEAM = 2KMUXZ44WH;
				INFOPLIST_FILE = flixPartOneTests/Info.plist;
				LD_RUNPATH_SEARCH_PATHS = "$(inherited) @executable_path/Frameworks @loader_path/Frameworks";
				PRODUCT_BUNDLE_IDENTIFIER = edu.csumb.DiMedina.flixPartOneTests;
				PRODUCT_NAME = "$(TARGET_NAME)";
				SWIFT_VERSION = 4.0;
				TARGETED_DEVICE_FAMILY = "1,2";
				TEST_HOST = "$(BUILT_PRODUCTS_DIR)/flixPartOne.app/flixPartOne";
			};
			name = Debug;
		};
		547113C520228065001100D6 /* Release */ = {
			isa = XCBuildConfiguration;
			buildSettings = {
				ALWAYS_EMBED_SWIFT_STANDARD_LIBRARIES = YES;
				BUNDLE_LOADER = "$(TEST_HOST)";
				CODE_SIGN_STYLE = Automatic;
				DEVELOPMENT_TEAM = 2KMUXZ44WH;
				INFOPLIST_FILE = flixPartOneTests/Info.plist;
				LD_RUNPATH_SEARCH_PATHS = "$(inherited) @executable_path/Frameworks @loader_path/Frameworks";
				PRODUCT_BUNDLE_IDENTIFIER = edu.csumb.DiMedina.flixPartOneTests;
				PRODUCT_NAME = "$(TARGET_NAME)";
				SWIFT_VERSION = 4.0;
				TARGETED_DEVICE_FAMILY = "1,2";
				TEST_HOST = "$(BUILT_PRODUCTS_DIR)/flixPartOne.app/flixPartOne";
			};
			name = Release;
		};
		547113C720228065001100D6 /* Debug */ = {
			isa = XCBuildConfiguration;
			buildSettings = {
				ALWAYS_EMBED_SWIFT_STANDARD_LIBRARIES = YES;
				CODE_SIGN_STYLE = Automatic;
				DEVELOPMENT_TEAM = 2KMUXZ44WH;
				INFOPLIST_FILE = flixPartOneUITests/Info.plist;
				LD_RUNPATH_SEARCH_PATHS = "$(inherited) @executable_path/Frameworks @loader_path/Frameworks";
				PRODUCT_BUNDLE_IDENTIFIER = edu.csumb.DiMedina.flixPartOneUITests;
				PRODUCT_NAME = "$(TARGET_NAME)";
				SWIFT_VERSION = 4.0;
				TARGETED_DEVICE_FAMILY = "1,2";
				TEST_TARGET_NAME = flixPartOne;
			};
			name = Debug;
		};
		547113C820228065001100D6 /* Release */ = {
			isa = XCBuildConfiguration;
			buildSettings = {
				ALWAYS_EMBED_SWIFT_STANDARD_LIBRARIES = YES;
				CODE_SIGN_STYLE = Automatic;
				DEVELOPMENT_TEAM = 2KMUXZ44WH;
				INFOPLIST_FILE = flixPartOneUITests/Info.plist;
				LD_RUNPATH_SEARCH_PATHS = "$(inherited) @executable_path/Frameworks @loader_path/Frameworks";
				PRODUCT_BUNDLE_IDENTIFIER = edu.csumb.DiMedina.flixPartOneUITests;
				PRODUCT_NAME = "$(TARGET_NAME)";
				SWIFT_VERSION = 4.0;
				TARGETED_DEVICE_FAMILY = "1,2";
				TEST_TARGET_NAME = flixPartOne;
			};
			name = Release;
		};
/* End XCBuildConfiguration section */

/* Begin XCConfigurationList section */
		5471139320228065001100D6 /* Build configuration list for PBXProject "flixPartOne" */ = {
			isa = XCConfigurationList;
			buildConfigurations = (
				547113BE20228065001100D6 /* Debug */,
				547113BF20228065001100D6 /* Release */,
			);
			defaultConfigurationIsVisible = 0;
			defaultConfigurationName = Release;
		};
		547113C020228065001100D6 /* Build configuration list for PBXNativeTarget "flixPartOne" */ = {
			isa = XCConfigurationList;
			buildConfigurations = (
				547113C120228065001100D6 /* Debug */,
				547113C220228065001100D6 /* Release */,
			);
			defaultConfigurationIsVisible = 0;
			defaultConfigurationName = Release;
		};
		547113C320228065001100D6 /* Build configuration list for PBXNativeTarget "flixPartOneTests" */ = {
			isa = XCConfigurationList;
			buildConfigurations = (
				547113C420228065001100D6 /* Debug */,
				547113C520228065001100D6 /* Release */,
			);
			defaultConfigurationIsVisible = 0;
			defaultConfigurationName = Release;
		};
		547113C620228065001100D6 /* Build configuration list for PBXNativeTarget "flixPartOneUITests" */ = {
			isa = XCConfigurationList;
			buildConfigurations = (
				547113C720228065001100D6 /* Debug */,
				547113C820228065001100D6 /* Release */,
			);
			defaultConfigurationIsVisible = 0;
			defaultConfigurationName = Release;
		};
/* End XCConfigurationList section */
	};
	rootObject = 5471139020228065001100D6 /* Project object */;
}
